
Microsoft Visual Studio Solution File, Format Version 12.00
# Visual Studio Version 16
VisualStudioVersion = 16.0.31702.278
MinimumVisualStudioVersion = 10.0.40219.1
Project("{8BC9CEB8-8B4A-11D0-8D11-00A0C91BC942}") = "NativeLibrary", "NativeLibrary\NativeLibrary.vcxproj", "{7BBE9F0A-66FB-4468-850A-3F601C28A7D5}"
EndProject
Project("{FAE04EC0-301F-11D3-BF4B-00C04F79EFBC}") = "ConsoleApplication", "ConsoleApplication\ConsoleApplication.csproj", "{A62DB78A-D6C8-4EBC-A89B-D47D6CA1859D}"
EndProject
Global
	GlobalSection(SolutionConfigurationPlatforms) = preSolution
		Debug|Any CPU = Debug|Any CPU
		Debug|x64 = Debug|x64
		Debug|x86 = Debug|x86
		Release|Any CPU = Release|Any CPU
		Release|x64 = Release|x64
		Release|x86 = Release|x86
	EndGlobalSection
	GlobalSection(ProjectConfigurationPlatforms) = postSolution
		{7BBE9F0A-66FB-4468-850A-3F601C28A7D5}.Debug|Any CPU.ActiveCfg = Debug|Win32
		{7BBE9F0A-66FB-4468-850A-3F601C28A7D5}.Debug|x64.ActiveCfg = Debug|x64
		{7BBE9F0A-66FB-4468-850A-3F601C28A7D5}.Debug|x64.Build.0 = Debug|x64
		{7BBE9F0A-66FB-4468-850A-3F601C28A7D5}.Debug|x86.ActiveCfg = Debug|Win32
		{7BBE9F0A-66FB-4468-850A-3F601C28A7D5}.Debug|x86.Build.0 = Debug|Win32
		{7BBE9F0A-66FB-4468-850A-3F601C28A7D5}.Release|Any CPU.ActiveCfg = Release|Win32
		{7BBE9F0A-66FB-4468-850A-3F601C28A7D5}.Release|x64.ActiveCfg = Release|x64
		{7BBE9F0A-66FB-4468-850A-3F601C28A7D5}.Release|x64.Build.0 = Release|x64
		{7BBE9F0A-66FB-4468-850A-3F601C28A7D5}.Release|x86.ActiveCfg = Release|Win32
		{7BBE9F0A-66FB-4468-850A-3F601C28A7D5}.Release|x86.Build.0 = Release|Win32
		{A62DB78A-D6C8-4EBC-A89B-D47D6CA1859D}.Debug|Any CPU.ActiveCfg = Debug|Any CPU
		{A62DB78A-D6C8-4EBC-A89B-D47D6CA1859D}.Debug|Any CPU.Build.0 = Debug|Any CPU
		{A62DB78A-D6C8-4EBC-A89B-D47D6CA1859D}.Debug|x64.ActiveCfg = Debug|x64
		{A62DB78A-D6C8-4EBC-A89B-D47D6CA1859D}.Debug|x64.Build.0 = Debug|x64
		{A62DB78A-D6C8-4EBC-A89B-D47D6CA1859D}.Debug|x86.ActiveCfg = Debug|Any CPU
		{A62DB78A-D6C8-4EBC-A89B-D47D6CA1859D}.Debug|x86.Build.0 = Debug|Any CPU
		{A62DB78A-D6C8-4EBC-A89B-D47D6CA1859D}.Release|Any CPU.ActiveCfg = Release|Any CPU
		{A62DB78A-D6C8-4EBC-A89B-D47D6CA1859D}.Release|Any CPU.Build.0 = Release|Any CPU
		{A62DB78A-D6C8-4EBC-A89B-D47D6CA1859D}.Release|x64.ActiveCfg = Release|Any CPU
		{A62DB78A-D6C8-4EBC-A89B-D47D6CA1859D}.Release|x64.Build.0 = Release|Any CPU
		{A62DB78A-D6C8-4EBC-A89B-D47D6CA1859D}.Release|x86.ActiveCfg = Release|Any CPU
		{A62DB78A-D6C8-4EBC-A89B-D47D6CA1859D}.Release|x86.Build.0 = Release|Any CPU
	EndGlobalSection
	GlobalSection(SolutionProperties) = preSolution
		HideSolutionNode = FALSE
	EndGlobalSection
	GlobalSection(ExtensibilityGlobals) = postSolution
		SolutionGuid = {B74257B4-53D2-4553-9A9E-2FF05153939A}
	EndGlobalSection
EndGlobal
